
Microsoft Visual Studio Solution File, Format Version 12.00
# Visual Studio Version 16
VisualStudioVersion = 16.0.31321.278
MinimumVisualStudioVersion = 10.0.40219.1
Project("{FAE04EC0-301F-11D3-BF4B-00C04F79EFBC}") = "UrsaSandlerMemberSite", "UrsaSandlerMemberSite\UrsaSandlerMemberSite.csproj", "{1C7A70DB-A342-4106-8FDB-1412BE8D609D}"
EndProject
Global
	GlobalSection(SolutionConfigurationPlatforms) = preSolution
		Debug|Any CPU = Debug|Any CPU
		Release|Any CPU = Release|Any CPU
	EndGlobalSection
	GlobalSection(ProjectConfigurationPlatforms) = postSolution
		{1C7A70DB-A342-4106-8FDB-1412BE8D609D}.Debug|Any CPU.ActiveCfg = Debug|Any CPU
		{1C7A70DB-A342-4106-8FDB-1412BE8D609D}.Debug|Any CPU.Build.0 = Debug|Any CPU
		{1C7A70DB-A342-4106-8FDB-1412BE8D609D}.Release|Any CPU.ActiveCfg = Release|Any CPU
		{1C7A70DB-A342-4106-8FDB-1412BE8D609D}.Release|Any CPU.Build.0 = Release|Any CPU
	EndGlobalSection
	GlobalSection(SolutionProperties) = preSolution
		HideSolutionNode = FALSE
	EndGlobalSection
	GlobalSection(ExtensibilityGlobals) = postSolution
		SolutionGuid = {55283A5D-293A-47C9-BE9E-9975BD221F4F}
	EndGlobalSection
EndGlobal
